
Microsoft Visual Studio Solution File, Format Version 12.00
# Visual Studio Version 17
VisualStudioVersion = 17.4.32916.344
MinimumVisualStudioVersion = 10.0.40219.1
Project("{FAE04EC0-301F-11D3-BF4B-00C04F79EFBC}") = "UCP_D", "UCP_D\UCP_D.csproj", "{8EC56D23-36EF-4DB4-91CD-5F06CA7825AA}"
EndProject
Global
	GlobalSection(SolutionConfigurationPlatforms) = preSolution
		Debug|Any CPU = Debug|Any CPU
		Release|Any CPU = Release|Any CPU
	EndGlobalSection
	GlobalSection(ProjectConfigurationPlatforms) = postSolution
		{8EC56D23-36EF-4DB4-91CD-5F06CA7825AA}.Debug|Any CPU.ActiveCfg = Debug|Any CPU
		{8EC56D23-36EF-4DB4-91CD-5F06CA7825AA}.Debug|Any CPU.Build.0 = Debug|Any CPU
		{8EC56D23-36EF-4DB4-91CD-5F06CA7825AA}.Release|Any CPU.ActiveCfg = Release|Any CPU
		{8EC56D23-36EF-4DB4-91CD-5F06CA7825AA}.Release|Any CPU.Build.0 = Release|Any CPU
	EndGlobalSection
	GlobalSection(SolutionProperties) = preSolution
		HideSolutionNode = FALSE
	EndGlobalSection
	GlobalSection(ExtensibilityGlobals) = postSolution
		SolutionGuid = {048CBEDF-7A3D-4CD5-8766-BE276CD7BCA2}
	EndGlobalSection
EndGlobal
